
Microsoft Visual Studio Solution File, Format Version 12.00
# Visual Studio 15
VisualStudioVersion = 15.0.26730.10
MinimumVisualStudioVersion = 10.0.40219.1
Project("{2150E333-8FDC-42A3-9474-1A3956D46DE8}") = "Solution Items", "Solution Items", "{0C772865-240B-42FD-8F7E-B675A02FB356}"
EndProject
Project("{9A19103F-16F7-4668-BE54-9A1E7A4F7556}") = "AmazonTool.UI", "src\AmazonTool.UI\AmazonTool.UI.csproj", "{6CD54DFC-AA68-49BA-9B6E-9B62AC2107CD}"
EndProject
Project("{9A19103F-16F7-4668-BE54-9A1E7A4F7556}") = "AmazonTool.WebApi", "src\AmazonTool.WebApi\AmazonTool.WebApi.csproj", "{7FB02B40-C3C6-4BE8-A3FE-4B61C901DAD7}"
EndProject
Project("{9A19103F-16F7-4668-BE54-9A1E7A4F7556}") = "AmazonTool.Business", "src\AmazonTool.Business\AmazonTool.Business.csproj", "{F36C6B18-0535-478B-820A-AAAF0EBA5628}"
EndProject
Project("{9A19103F-16F7-4668-BE54-9A1E7A4F7556}") = "AmazonTool.Core", "src\AmazonTool.Core\AmazonTool.Core.csproj", "{DB5C7158-74C5-4749-B3D6-43202DC183D8}"
EndProject
Project("{9A19103F-16F7-4668-BE54-9A1E7A4F7556}") = "AmazonTool.Bootstrap", "src\AmazonTool.Bootstrap\AmazonTool.Bootstrap.csproj", "{EBAC0F07-6CEF-495D-A79A-E0222171E313}"
EndProject
Project("{9A19103F-16F7-4668-BE54-9A1E7A4F7556}") = "AmazonTool.DataAccess", "src\AmazonTool.DataAccess\AmazonTool.DataAccess.csproj", "{04EEC0C6-0795-47BD-9F8D-9CDB465834D0}"
EndProject
Project("{2150E333-8FDC-42A3-9474-1A3956D46DE8}") = "01_Core", "01_Core", "{696C8403-AD6E-4A2A-B7B9-52A8DE0DFF8C}"
EndProject
Project("{2150E333-8FDC-42A3-9474-1A3956D46DE8}") = "02_Bootstrap", "02_Bootstrap", "{19FF6D91-2865-4181-911C-A0223723B324}"
EndProject
Project("{2150E333-8FDC-42A3-9474-1A3956D46DE8}") = "03_Presentation", "03_Presentation", "{472C6F31-3839-4676-9ABE-270176722158}"
EndProject
Project("{2150E333-8FDC-42A3-9474-1A3956D46DE8}") = "04_WebApi", "04_WebApi", "{0791402F-F2D8-4AF9-B7AB-7BDD2E73D9DB}"
EndProject
Project("{2150E333-8FDC-42A3-9474-1A3956D46DE8}") = "05_Business", "05_Business", "{24D8DD3B-184F-4459-9A75-9F00E14BB492}"
EndProject
Project("{2150E333-8FDC-42A3-9474-1A3956D46DE8}") = "06_DataAccess", "06_DataAccess", "{FE57F880-B592-48B2-9CA8-0C4F3BC083E0}"
EndProject
Global
	GlobalSection(SolutionConfigurationPlatforms) = preSolution
		Debug|Any CPU = Debug|Any CPU
		Release|Any CPU = Release|Any CPU
	EndGlobalSection
	GlobalSection(ProjectConfigurationPlatforms) = postSolution
		{6CD54DFC-AA68-49BA-9B6E-9B62AC2107CD}.Debug|Any CPU.ActiveCfg = Debug|Any CPU
		{6CD54DFC-AA68-49BA-9B6E-9B62AC2107CD}.Debug|Any CPU.Build.0 = Debug|Any CPU
		{6CD54DFC-AA68-49BA-9B6E-9B62AC2107CD}.Release|Any CPU.ActiveCfg = Release|Any CPU
		{6CD54DFC-AA68-49BA-9B6E-9B62AC2107CD}.Release|Any CPU.Build.0 = Release|Any CPU
		{7FB02B40-C3C6-4BE8-A3FE-4B61C901DAD7}.Debug|Any CPU.ActiveCfg = Debug|Any CPU
		{7FB02B40-C3C6-4BE8-A3FE-4B61C901DAD7}.Debug|Any CPU.Build.0 = Debug|Any CPU
		{7FB02B40-C3C6-4BE8-A3FE-4B61C901DAD7}.Release|Any CPU.ActiveCfg = Release|Any CPU
		{7FB02B40-C3C6-4BE8-A3FE-4B61C901DAD7}.Release|Any CPU.Build.0 = Release|Any CPU
		{F36C6B18-0535-478B-820A-AAAF0EBA5628}.Debug|Any CPU.ActiveCfg = Debug|Any CPU
		{F36C6B18-0535-478B-820A-AAAF0EBA5628}.Debug|Any CPU.Build.0 = Debug|Any CPU
		{F36C6B18-0535-478B-820A-AAAF0EBA5628}.Release|Any CPU.ActiveCfg = Release|Any CPU
		{F36C6B18-0535-478B-820A-AAAF0EBA5628}.Release|Any CPU.Build.0 = Release|Any CPU
		{DB5C7158-74C5-4749-B3D6-43202DC183D8}.Debug|Any CPU.ActiveCfg = Debug|Any CPU
		{DB5C7158-74C5-4749-B3D6-43202DC183D8}.Debug|Any CPU.Build.0 = Debug|Any CPU
		{DB5C7158-74C5-4749-B3D6-43202DC183D8}.Release|Any CPU.ActiveCfg = Release|Any CPU
		{DB5C7158-74C5-4749-B3D6-43202DC183D8}.Release|Any CPU.Build.0 = Release|Any CPU
		{EBAC0F07-6CEF-495D-A79A-E0222171E313}.Debug|Any CPU.ActiveCfg = Debug|Any CPU
		{EBAC0F07-6CEF-495D-A79A-E0222171E313}.Debug|Any CPU.Build.0 = Debug|Any CPU
		{EBAC0F07-6CEF-495D-A79A-E0222171E313}.Release|Any CPU.ActiveCfg = Release|Any CPU
		{EBAC0F07-6CEF-495D-A79A-E0222171E313}.Release|Any CPU.Build.0 = Release|Any CPU
		{04EEC0C6-0795-47BD-9F8D-9CDB465834D0}.Debug|Any CPU.ActiveCfg = Debug|Any CPU
		{04EEC0C6-0795-47BD-9F8D-9CDB465834D0}.Debug|Any CPU.Build.0 = Debug|Any CPU
		{04EEC0C6-0795-47BD-9F8D-9CDB465834D0}.Release|Any CPU.ActiveCfg = Release|Any CPU
		{04EEC0C6-0795-47BD-9F8D-9CDB465834D0}.Release|Any CPU.Build.0 = Release|Any CPU
	EndGlobalSection
	GlobalSection(SolutionProperties) = preSolution
		HideSolutionNode = FALSE
	EndGlobalSection
	GlobalSection(NestedProjects) = preSolution
		{6CD54DFC-AA68-49BA-9B6E-9B62AC2107CD} = {472C6F31-3839-4676-9ABE-270176722158}
		{7FB02B40-C3C6-4BE8-A3FE-4B61C901DAD7} = {0791402F-F2D8-4AF9-B7AB-7BDD2E73D9DB}
		{F36C6B18-0535-478B-820A-AAAF0EBA5628} = {24D8DD3B-184F-4459-9A75-9F00E14BB492}
		{DB5C7158-74C5-4749-B3D6-43202DC183D8} = {696C8403-AD6E-4A2A-B7B9-52A8DE0DFF8C}
		{EBAC0F07-6CEF-495D-A79A-E0222171E313} = {19FF6D91-2865-4181-911C-A0223723B324}
		{04EEC0C6-0795-47BD-9F8D-9CDB465834D0} = {FE57F880-B592-48B2-9CA8-0C4F3BC083E0}
	EndGlobalSection
	GlobalSection(ExtensibilityGlobals) = postSolution
		SolutionGuid = {74720814-B2FF-48BD-A779-2A4AF56E7116}
	EndGlobalSection
EndGlobal
